
Microsoft Visual Studio Solution File, Format Version 12.00
# Visual Studio Version 17
VisualStudioVersion = 17.13.35931.197 d17.13
MinimumVisualStudioVersion = 10.0.40219.1
Project("{FAE04EC0-301F-11D3-BF4B-00C04F79EFBC}") = "WebApplication7", "WebApplication7\WebApplication7.csproj", "{72E59A85-7382-4315-AF5D-E36CC6D178D3}"
EndProject
Global
	GlobalSection(SolutionConfigurationPlatforms) = preSolution
		Debug|Any CPU = Debug|Any CPU
		Release|Any CPU = Release|Any CPU
	EndGlobalSection
	GlobalSection(ProjectConfigurationPlatforms) = postSolution
		{72E59A85-7382-4315-AF5D-E36CC6D178D3}.Debug|Any CPU.ActiveCfg = Debug|Any CPU
		{72E59A85-7382-4315-AF5D-E36CC6D178D3}.Debug|Any CPU.Build.0 = Debug|Any CPU
		{72E59A85-7382-4315-AF5D-E36CC6D178D3}.Release|Any CPU.ActiveCfg = Release|Any CPU
		{72E59A85-7382-4315-AF5D-E36CC6D178D3}.Release|Any CPU.Build.0 = Release|Any CPU
	EndGlobalSection
	GlobalSection(SolutionProperties) = preSolution
		HideSolutionNode = FALSE
	EndGlobalSection
	GlobalSection(ExtensibilityGlobals) = postSolution
		SolutionGuid = {C330160B-BFD5-4109-B7FF-52B561646714}
	EndGlobalSection
EndGlobal
