
Microsoft Visual Studio Solution File, Format Version 12.00
# Visual Studio Version 17
VisualStudioVersion = 17.13.35931.197 d17.13
MinimumVisualStudioVersion = 10.0.40219.1
Project("{FAE04EC0-301F-11D3-BF4B-00C04F79EFBC}") = "WebApplication3", "WebApplication3\WebApplication3.csproj", "{74AF58D1-4F9D-4CD3-AF44-42A283E7B24F}"
EndProject
Global
	GlobalSection(SolutionConfigurationPlatforms) = preSolution
		Debug|Any CPU = Debug|Any CPU
		Release|Any CPU = Release|Any CPU
	EndGlobalSection
	GlobalSection(ProjectConfigurationPlatforms) = postSolution
		{74AF58D1-4F9D-4CD3-AF44-42A283E7B24F}.Debug|Any CPU.ActiveCfg = Debug|Any CPU
		{74AF58D1-4F9D-4CD3-AF44-42A283E7B24F}.Debug|Any CPU.Build.0 = Debug|Any CPU
		{74AF58D1-4F9D-4CD3-AF44-42A283E7B24F}.Release|Any CPU.ActiveCfg = Release|Any CPU
		{74AF58D1-4F9D-4CD3-AF44-42A283E7B24F}.Release|Any CPU.Build.0 = Release|Any CPU
	EndGlobalSection
	GlobalSection(SolutionProperties) = preSolution
		HideSolutionNode = FALSE
	EndGlobalSection
	GlobalSection(ExtensibilityGlobals) = postSolution
		SolutionGuid = {EC02A13C-9A80-48AA-82CC-39C39DCC2106}
	EndGlobalSection
EndGlobal
