
Microsoft Visual Studio Solution File, Format Version 12.00
# Visual Studio Version 17
VisualStudioVersion = 17.13.35931.197 d17.13
MinimumVisualStudioVersion = 10.0.40219.1
Project("{FAE04EC0-301F-11D3-BF4B-00C04F79EFBC}") = "WebApplication8", "WebApplication8\WebApplication8.csproj", "{62567A56-3103-40C5-95BC-61698AAAC49C}"
EndProject
Global
	GlobalSection(SolutionConfigurationPlatforms) = preSolution
		Debug|Any CPU = Debug|Any CPU
		Release|Any CPU = Release|Any CPU
	EndGlobalSection
	GlobalSection(ProjectConfigurationPlatforms) = postSolution
		{62567A56-3103-40C5-95BC-61698AAAC49C}.Debug|Any CPU.ActiveCfg = Debug|Any CPU
		{62567A56-3103-40C5-95BC-61698AAAC49C}.Debug|Any CPU.Build.0 = Debug|Any CPU
		{62567A56-3103-40C5-95BC-61698AAAC49C}.Release|Any CPU.ActiveCfg = Release|Any CPU
		{62567A56-3103-40C5-95BC-61698AAAC49C}.Release|Any CPU.Build.0 = Release|Any CPU
	EndGlobalSection
	GlobalSection(SolutionProperties) = preSolution
		HideSolutionNode = FALSE
	EndGlobalSection
	GlobalSection(ExtensibilityGlobals) = postSolution
		SolutionGuid = {F9D30B88-2252-4F8D-BED8-D95E5E6A99B2}
	EndGlobalSection
EndGlobal
