
Microsoft Visual Studio Solution File, Format Version 12.00
# Visual Studio Version 17
VisualStudioVersion = 17.13.35931.197 d17.13
MinimumVisualStudioVersion = 10.0.40219.1
Project("{FAE04EC0-301F-11D3-BF4B-00C04F79EFBC}") = "WebApplication3", "WebApplication3\WebApplication3.csproj", "{748602C6-8900-41C8-BEB5-6A77A98BAF70}"
EndProject
Global
	GlobalSection(SolutionConfigurationPlatforms) = preSolution
		Debug|Any CPU = Debug|Any CPU
		Release|Any CPU = Release|Any CPU
	EndGlobalSection
	GlobalSection(ProjectConfigurationPlatforms) = postSolution
		{748602C6-8900-41C8-BEB5-6A77A98BAF70}.Debug|Any CPU.ActiveCfg = Debug|Any CPU
		{748602C6-8900-41C8-BEB5-6A77A98BAF70}.Debug|Any CPU.Build.0 = Debug|Any CPU
		{748602C6-8900-41C8-BEB5-6A77A98BAF70}.Release|Any CPU.ActiveCfg = Release|Any CPU
		{748602C6-8900-41C8-BEB5-6A77A98BAF70}.Release|Any CPU.Build.0 = Release|Any CPU
	EndGlobalSection
	GlobalSection(SolutionProperties) = preSolution
		HideSolutionNode = FALSE
	EndGlobalSection
	GlobalSection(ExtensibilityGlobals) = postSolution
		SolutionGuid = {8782B672-06D5-4B28-A8BB-18986C287374}
	EndGlobalSection
EndGlobal
